// !$*UTF8*$!
{
	archiveVersion = 1;
	classes = {
	};
	objectVersion = 50;
	objects = {

/* Begin PBXBuildFile section */
		A12E468124994732007AF234 /* AppDelegate.swift in Sources */ = {isa = PBXBuildFile; fileRef = A12E468024994732007AF234 /* AppDelegate.swift */; };
		A12E468324994732007AF234 /* SceneDelegate.swift in Sources */ = {isa = PBXBuildFile; fileRef = A12E468224994732007AF234 /* SceneDelegate.swift */; };
		A12E468524994732007AF234 /* AlbumsViewController.swift in Sources */ = {isa = PBXBuildFile; fileRef = A12E468424994732007AF234 /* AlbumsViewController.swift */; };
		A12E468824994732007AF234 /* Main.storyboard in Resources */ = {isa = PBXBuildFile; fileRef = A12E468624994732007AF234 /* Main.storyboard */; };
		A12E468A24994735007AF234 /* Assets.xcassets in Resources */ = {isa = PBXBuildFile; fileRef = A12E468924994735007AF234 /* Assets.xcassets */; };
		A12E468D24994735007AF234 /* LaunchScreen.storyboard in Resources */ = {isa = PBXBuildFile; fileRef = A12E468B24994735007AF234 /* LaunchScreen.storyboard */; };
		A12E469824994735007AF234 /* last_fm_searchTests.swift in Sources */ = {isa = PBXBuildFile; fileRef = A12E469724994735007AF234 /* last_fm_searchTests.swift */; };
		A12E46A324994735007AF234 /* last_fm_searchUITests.swift in Sources */ = {isa = PBXBuildFile; fileRef = A12E46A224994735007AF234 /* last_fm_searchUITests.swift */; };
		A12E46B4249947C9007AF234 /* MGRouter.swift in Sources */ = {isa = PBXBuildFile; fileRef = A12E46B3249947C9007AF234 /* MGRouter.swift */; };
		A12E46B6249947EB007AF234 /* MGSessionProtocol.swift in Sources */ = {isa = PBXBuildFile; fileRef = A12E46B5249947EB007AF234 /* MGSessionProtocol.swift */; };
		A12E46B824994827007AF234 /* MGSession.swift in Sources */ = {isa = PBXBuildFile; fileRef = A12E46B724994827007AF234 /* MGSession.swift */; };
		A12E46BB24994954007AF234 /* MGRouterInput.swift in Sources */ = {isa = PBXBuildFile; fileRef = A12E46BA24994954007AF234 /* MGRouterInput.swift */; };
		A12E46BE24994C67007AF234 /* Constants.swift in Sources */ = {isa = PBXBuildFile; fileRef = A12E46BD24994C67007AF234 /* Constants.swift */; };
		A141D72624A1826A00DE1631 /* MGImageView.swift in Sources */ = {isa = PBXBuildFile; fileRef = A141D72524A1826A00DE1631 /* MGImageView.swift */; };
		A141D72924A1919F00DE1631 /* Album.swift in Sources */ = {isa = PBXBuildFile; fileRef = A141D72824A1919F00DE1631 /* Album.swift */; };
		A141D72C24A191D000DE1631 /* AlbumTableViewCell.swift in Sources */ = {isa = PBXBuildFile; fileRef = A141D72B24A191D000DE1631 /* AlbumTableViewCell.swift */; };
		A141D72E24A1974800DE1631 /* TrackTableViewCell.swift in Sources */ = {isa = PBXBuildFile; fileRef = A141D72D24A1974800DE1631 /* TrackTableViewCell.swift */; };
		A141D73224A198D200DE1631 /* AlbumInfoViewController.swift in Sources */ = {isa = PBXBuildFile; fileRef = A141D73124A198D200DE1631 /* AlbumInfoViewController.swift */; };
		A141D73424A1A09A00DE1631 /* BaseViewController.swift in Sources */ = {isa = PBXBuildFile; fileRef = A141D73324A1A09A00DE1631 /* BaseViewController.swift */; };
		A141D73724A2D17500DE1631 /* MGMockSession.swift in Sources */ = {isa = PBXBuildFile; fileRef = A141D73624A2D17400DE1631 /* MGMockSession.swift */; };
		A141D73A24A2D20400DE1631 /* MockConfiguration.swift in Sources */ = {isa = PBXBuildFile; fileRef = A141D73924A2D20400DE1631 /* MockConfiguration.swift */; };
		A141D73C24A2D22800DE1631 /* mock_file_path.plist in Resources */ = {isa = PBXBuildFile; fileRef = A141D73B24A2D22800DE1631 /* mock_file_path.plist */; };
		A141D73F24A2D2FD00DE1631 /* albums.json in Resources */ = {isa = PBXBuildFile; fileRef = A141D73E24A2D2FD00DE1631 /* albums.json */; };
		A141D74224A2D35600DE1631 /* album.json in Resources */ = {isa = PBXBuildFile; fileRef = A141D74124A2D35600DE1631 /* album.json */; };
/* End PBXBuildFile section */

/* Begin PBXContainerItemProxy section */
		A12E469424994735007AF234 /* PBXContainerItemProxy */ = {
			isa = PBXContainerItemProxy;
			containerPortal = A12E467524994732007AF234 /* Project object */;
			proxyType = 1;
			remoteGlobalIDString = A12E467C24994732007AF234;
			remoteInfo = last_fm_search;
		};
		A12E469F24994735007AF234 /* PBXContainerItemProxy */ = {
			isa = PBXContainerItemProxy;
			containerPortal = A12E467524994732007AF234 /* Project object */;
			proxyType = 1;
			remoteGlobalIDString = A12E467C24994732007AF234;
			remoteInfo = last_fm_search;
		};
/* End PBXContainerItemProxy section */

/* Begin PBXFileReference section */
		A12E467D24994732007AF234 /* last_fm_search.app */ = {isa = PBXFileReference; explicitFileType = wrapper.application; includeInIndex = 0; path = last_fm_search.app; sourceTree = BUILT_PRODUCTS_DIR; };
		A12E468024994732007AF234 /* AppDelegate.swift */ = {isa = PBXFileReference; lastKnownFileType = sourcecode.swift; path = AppDelegate.swift; sourceTree = "<group>"; };
		A12E468224994732007AF234 /* SceneDelegate.swift */ = {isa = PBXFileReference; lastKnownFileType = sourcecode.swift; path = SceneDelegate.swift; sourceTree = "<group>"; };
		A12E468424994732007AF234 /* AlbumsViewController.swift */ = {isa = PBXFileReference; lastKnownFileType = sourcecode.swift; path = AlbumsViewController.swift; sourceTree = "<group>"; };
		A12E468724994732007AF234 /* Base */ = {isa = PBXFileReference; lastKnownFileType = file.storyboard; name = Base; path = Base.lproj/Main.storyboard; sourceTree = "<group>"; };
		A12E468924994735007AF234 /* Assets.xcassets */ = {isa = PBXFileReference; lastKnownFileType = folder.assetcatalog; path = Assets.xcassets; sourceTree = "<group>"; };
		A12E468C24994735007AF234 /* Base */ = {isa = PBXFileReference; lastKnownFileType = file.storyboard; name = Base; path = Base.lproj/LaunchScreen.storyboard; sourceTree = "<group>"; };
		A12E468E24994735007AF234 /* Info.plist */ = {isa = PBXFileReference; lastKnownFileType = text.plist.xml; path = Info.plist; sourceTree = "<group>"; };
		A12E469324994735007AF234 /* last_fm_searchTests.xctest */ = {isa = PBXFileReference; explicitFileType = wrapper.cfbundle; includeInIndex = 0; path = last_fm_searchTests.xctest; sourceTree = BUILT_PRODUCTS_DIR; };
		A12E469724994735007AF234 /* last_fm_searchTests.swift */ = {isa = PBXFileReference; lastKnownFileType = sourcecode.swift; path = last_fm_searchTests.swift; sourceTree = "<group>"; };
		A12E469924994735007AF234 /* Info.plist */ = {isa = PBXFileReference; lastKnownFileType = text.plist.xml; path = Info.plist; sourceTree = "<group>"; };
		A12E469E24994735007AF234 /* last_fm_searchUITests.xctest */ = {isa = PBXFileReference; explicitFileType = wrapper.cfbundle; includeInIndex = 0; path = last_fm_searchUITests.xctest; sourceTree = BUILT_PRODUCTS_DIR; };
		A12E46A224994735007AF234 /* last_fm_searchUITests.swift */ = {isa = PBXFileReference; lastKnownFileType = sourcecode.swift; path = last_fm_searchUITests.swift; sourceTree = "<group>"; };
		A12E46A424994735007AF234 /* Info.plist */ = {isa = PBXFileReference; lastKnownFileType = text.plist.xml; path = Info.plist; sourceTree = "<group>"; };
		A12E46B3249947C9007AF234 /* MGRouter.swift */ = {isa = PBXFileReference; lastKnownFileType = sourcecode.swift; path = MGRouter.swift; sourceTree = "<group>"; };
		A12E46B5249947EB007AF234 /* MGSessionProtocol.swift */ = {isa = PBXFileReference; lastKnownFileType = sourcecode.swift; path = MGSessionProtocol.swift; sourceTree = "<group>"; };
		A12E46B724994827007AF234 /* MGSession.swift */ = {isa = PBXFileReference; lastKnownFileType = sourcecode.swift; path = MGSession.swift; sourceTree = "<group>"; };
		A12E46BA24994954007AF234 /* MGRouterInput.swift */ = {isa = PBXFileReference; lastKnownFileType = sourcecode.swift; path = MGRouterInput.swift; sourceTree = "<group>"; };
		A12E46BD24994C67007AF234 /* Constants.swift */ = {isa = PBXFileReference; lastKnownFileType = sourcecode.swift; path = Constants.swift; sourceTree = "<group>"; };
		A141D72524A1826A00DE1631 /* MGImageView.swift */ = {isa = PBXFileReference; lastKnownFileType = sourcecode.swift; path = MGImageView.swift; sourceTree = "<group>"; };
		A141D72824A1919F00DE1631 /* Album.swift */ = {isa = PBXFileReference; lastKnownFileType = sourcecode.swift; path = Album.swift; sourceTree = "<group>"; };
		A141D72B24A191D000DE1631 /* AlbumTableViewCell.swift */ = {isa = PBXFileReference; lastKnownFileType = sourcecode.swift; path = AlbumTableViewCell.swift; sourceTree = "<group>"; };
		A141D72D24A1974800DE1631 /* TrackTableViewCell.swift */ = {isa = PBXFileReference; lastKnownFileType = sourcecode.swift; path = TrackTableViewCell.swift; sourceTree = "<group>"; };
		A141D73124A198D200DE1631 /* AlbumInfoViewController.swift */ = {isa = PBXFileReference; lastKnownFileType = sourcecode.swift; path = AlbumInfoViewController.swift; sourceTree = "<group>"; };
		A141D73324A1A09A00DE1631 /* BaseViewController.swift */ = {isa = PBXFileReference; lastKnownFileType = sourcecode.swift; path = BaseViewController.swift; sourceTree = "<group>"; };
		A141D73624A2D17400DE1631 /* MGMockSession.swift */ = {isa = PBXFileReference; fileEncoding = 4; lastKnownFileType = sourcecode.swift; path = MGMockSession.swift; sourceTree = "<group>"; };
		A141D73924A2D20400DE1631 /* MockConfiguration.swift */ = {isa = PBXFileReference; fileEncoding = 4; lastKnownFileType = sourcecode.swift; path = MockConfiguration.swift; sourceTree = "<group>"; };
		A141D73B24A2D22800DE1631 /* mock_file_path.plist */ = {isa = PBXFileReference; fileEncoding = 4; lastKnownFileType = text.plist.xml; path = mock_file_path.plist; sourceTree = "<group>"; };
		A141D73E24A2D2FD00DE1631 /* albums.json */ = {isa = PBXFileReference; lastKnownFileType = text.json; path = albums.json; sourceTree = "<group>"; };
		A141D74124A2D35600DE1631 /* album.json */ = {isa = PBXFileReference; lastKnownFileType = text.json; path = album.json; sourceTree = "<group>"; };
/* End PBXFileReference section */

/* Begin PBXFrameworksBuildPhase section */
		A12E467A24994732007AF234 /* Frameworks */ = {
			isa = PBXFrameworksBuildPhase;
			buildActionMask = 2147483647;
			files = (
			);
			runOnlyForDeploymentPostprocessing = 0;
		};
		A12E469024994735007AF234 /* Frameworks */ = {
			isa = PBXFrameworksBuildPhase;
			buildActionMask = 2147483647;
			files = (
			);
			runOnlyForDeploymentPostprocessing = 0;
		};
		A12E469B24994735007AF234 /* Frameworks */ = {
			isa = PBXFrameworksBuildPhase;
			buildActionMask = 2147483647;
			files = (
			);
			runOnlyForDeploymentPostprocessing = 0;
		};
/* End PBXFrameworksBuildPhase section */

/* Begin PBXGroup section */
		A12E467424994732007AF234 = {
			isa = PBXGroup;
			children = (
				A12E467F24994732007AF234 /* last_fm_search */,
				A12E469624994735007AF234 /* last_fm_searchTests */,
				A12E46A124994735007AF234 /* last_fm_searchUITests */,
				A12E467E24994732007AF234 /* Products */,
			);
			sourceTree = "<group>";
		};
		A12E467E24994732007AF234 /* Products */ = {
			isa = PBXGroup;
			children = (
				A12E467D24994732007AF234 /* last_fm_search.app */,
				A12E469324994735007AF234 /* last_fm_searchTests.xctest */,
				A12E469E24994735007AF234 /* last_fm_searchUITests.xctest */,
			);
			name = Products;
			sourceTree = "<group>";
		};
		A12E467F24994732007AF234 /* last_fm_search */ = {
			isa = PBXGroup;
			children = (
				A141D73524A1A35D00DE1631 /* Resources */,
				A141D73024A198B000DE1631 /* Delegates */,
				A141D72F24A198A400DE1631 /* Controllers */,
				A141D72A24A191B100DE1631 /* Cells */,
				A141D72724A1919200DE1631 /* Model */,
				A12E46BC24994C5C007AF234 /* Helpers */,
				A12E46B024994784007AF234 /* Router */,
			);
			path = last_fm_search;
			sourceTree = "<group>";
		};
		A12E469624994735007AF234 /* last_fm_searchTests */ = {
			isa = PBXGroup;
			children = (
				A141D74024A2D31900DE1631 /* MockHelper */,
				A141D73D24A2D23000DE1631 /* Mock */,
				A12E469724994735007AF234 /* last_fm_searchTests.swift */,
				A12E469924994735007AF234 /* Info.plist */,
			);
			path = last_fm_searchTests;
			sourceTree = "<group>";
		};
		A12E46A124994735007AF234 /* last_fm_searchUITests */ = {
			isa = PBXGroup;
			children = (
				A12E46A224994735007AF234 /* last_fm_searchUITests.swift */,
				A12E46A424994735007AF234 /* Info.plist */,
			);
			path = last_fm_searchUITests;
			sourceTree = "<group>";
		};
		A12E46B024994784007AF234 /* Router */ = {
			isa = PBXGroup;
			children = (
				A12E46B92499494A007AF234 /* Input */,
				A12E46B3249947C9007AF234 /* MGRouter.swift */,
				A12E46B5249947EB007AF234 /* MGSessionProtocol.swift */,
				A12E46B724994827007AF234 /* MGSession.swift */,
			);
			path = Router;
			sourceTree = "<group>";
		};
		A12E46B92499494A007AF234 /* Input */ = {
			isa = PBXGroup;
			children = (
				A12E46BA24994954007AF234 /* MGRouterInput.swift */,
			);
			path = Input;
			sourceTree = "<group>";
		};
		A12E46BC24994C5C007AF234 /* Helpers */ = {
			isa = PBXGroup;
			children = (
				A12E46BD24994C67007AF234 /* Constants.swift */,
				A141D72524A1826A00DE1631 /* MGImageView.swift */,
			);
			path = Helpers;
			sourceTree = "<group>";
		};
		A141D72724A1919200DE1631 /* Model */ = {
			isa = PBXGroup;
			children = (
				A141D72824A1919F00DE1631 /* Album.swift */,
			);
			path = Model;
			sourceTree = "<group>";
		};
		A141D72A24A191B100DE1631 /* Cells */ = {
			isa = PBXGroup;
			children = (
				A141D72B24A191D000DE1631 /* AlbumTableViewCell.swift */,
				A141D72D24A1974800DE1631 /* TrackTableViewCell.swift */,
			);
			path = Cells;
			sourceTree = "<group>";
		};
		A141D72F24A198A400DE1631 /* Controllers */ = {
			isa = PBXGroup;
			children = (
				A12E468424994732007AF234 /* AlbumsViewController.swift */,
				A141D73124A198D200DE1631 /* AlbumInfoViewController.swift */,
				A141D73324A1A09A00DE1631 /* BaseViewController.swift */,
			);
			path = Controllers;
			sourceTree = "<group>";
		};
		A141D73024A198B000DE1631 /* Delegates */ = {
			isa = PBXGroup;
			children = (
				A12E468024994732007AF234 /* AppDelegate.swift */,
				A12E468224994732007AF234 /* SceneDelegate.swift */,
			);
			path = Delegates;
			sourceTree = "<group>";
		};
		A141D73524A1A35D00DE1631 /* Resources */ = {
			isa = PBXGroup;
			children = (
				A12E468624994732007AF234 /* Main.storyboard */,
				A12E468924994735007AF234 /* Assets.xcassets */,
				A12E468B24994735007AF234 /* LaunchScreen.storyboard */,
				A12E468E24994735007AF234 /* Info.plist */,
			);
			path = Resources;
			sourceTree = "<group>";
		};
		A141D73D24A2D23000DE1631 /* Mock */ = {
			isa = PBXGroup;
			children = (
				A141D73B24A2D22800DE1631 /* mock_file_path.plist */,
				A141D73E24A2D2FD00DE1631 /* albums.json */,
				A141D74124A2D35600DE1631 /* album.json */,
			);
			path = Mock;
			sourceTree = "<group>";
		};
		A141D74024A2D31900DE1631 /* MockHelper */ = {
			isa = PBXGroup;
			children = (
				A141D73924A2D20400DE1631 /* MockConfiguration.swift */,
				A141D73624A2D17400DE1631 /* MGMockSession.swift */,
			);
			path = MockHelper;
			sourceTree = "<group>";
		};
/* End PBXGroup section */

/* Begin PBXNativeTarget section */
		A12E467C24994732007AF234 /* last_fm_search */ = {
			isa = PBXNativeTarget;
			buildConfigurationList = A12E46A724994735007AF234 /* Build configuration list for PBXNativeTarget "last_fm_search" */;
			buildPhases = (
				A12E467924994732007AF234 /* Sources */,
				A12E467A24994732007AF234 /* Frameworks */,
				A12E467B24994732007AF234 /* Resources */,
			);
			buildRules = (
			);
			dependencies = (
			);
			name = last_fm_search;
			productName = last_fm_search;
			productReference = A12E467D24994732007AF234 /* last_fm_search.app */;
			productType = "com.apple.product-type.application";
		};
		A12E469224994735007AF234 /* last_fm_searchTests */ = {
			isa = PBXNativeTarget;
			buildConfigurationList = A12E46AA24994735007AF234 /* Build configuration list for PBXNativeTarget "last_fm_searchTests" */;
			buildPhases = (
				A12E468F24994735007AF234 /* Sources */,
				A12E469024994735007AF234 /* Frameworks */,
				A12E469124994735007AF234 /* Resources */,
			);
			buildRules = (
			);
			dependencies = (
				A12E469524994735007AF234 /* PBXTargetDependency */,
			);
			name = last_fm_searchTests;
			productName = last_fm_searchTests;
			productReference = A12E469324994735007AF234 /* last_fm_searchTests.xctest */;
			productType = "com.apple.product-type.bundle.unit-test";
		};
		A12E469D24994735007AF234 /* last_fm_searchUITests */ = {
			isa = PBXNativeTarget;
			buildConfigurationList = A12E46AD24994735007AF234 /* Build configuration list for PBXNativeTarget "last_fm_searchUITests" */;
			buildPhases = (
				A12E469A24994735007AF234 /* Sources */,
				A12E469B24994735007AF234 /* Frameworks */,
				A12E469C24994735007AF234 /* Resources */,
			);
			buildRules = (
			);
			dependencies = (
				A12E46A024994735007AF234 /* PBXTargetDependency */,
			);
			name = last_fm_searchUITests;
			productName = last_fm_searchUITests;
			productReference = A12E469E24994735007AF234 /* last_fm_searchUITests.xctest */;
			productType = "com.apple.product-type.bundle.ui-testing";
		};
/* End PBXNativeTarget section */

/* Begin PBXProject section */
		A12E467524994732007AF234 /* Project object */ = {
			isa = PBXProject;
			attributes = {
				LastSwiftUpdateCheck = 1140;
				LastUpgradeCheck = 1140;
				ORGANIZATIONNAME = "Moinuddin Girach";
				TargetAttributes = {
					A12E467C24994732007AF234 = {
						CreatedOnToolsVersion = 11.4;
					};
					A12E469224994735007AF234 = {
						CreatedOnToolsVersion = 11.4;
						TestTargetID = A12E467C24994732007AF234;
					};
					A12E469D24994735007AF234 = {
						CreatedOnToolsVersion = 11.4;
						TestTargetID = A12E467C24994732007AF234;
					};
				};
			};
			buildConfigurationList = A12E467824994732007AF234 /* Build configuration list for PBXProject "last_fm_search" */;
			compatibilityVersion = "Xcode 9.3";
			developmentRegion = en;
			hasScannedForEncodings = 0;
			knownRegions = (
				en,
				Base,
			);
			mainGroup = A12E467424994732007AF234;
			productRefGroup = A12E467E24994732007AF234 /* Products */;
			projectDirPath = "";
			projectRoot = "";
			targets = (
				A12E467C24994732007AF234 /* last_fm_search */,
				A12E469224994735007AF234 /* last_fm_searchTests */,
				A12E469D24994735007AF234 /* last_fm_searchUITests */,
			);
		};
/* End PBXProject section */

/* Begin PBXResourcesBuildPhase section */
		A12E467B24994732007AF234 /* Resources */ = {
			isa = PBXResourcesBuildPhase;
			buildActionMask = 2147483647;
			files = (
				A12E468D24994735007AF234 /* LaunchScreen.storyboard in Resources */,
				A12E468A24994735007AF234 /* Assets.xcassets in Resources */,
				A12E468824994732007AF234 /* Main.storyboard in Resources */,
			);
			runOnlyForDeploymentPostprocessing = 0;
		};
		A12E469124994735007AF234 /* Resources */ = {
			isa = PBXResourcesBuildPhase;
			buildActionMask = 2147483647;
			files = (
				A141D73C24A2D22800DE1631 /* mock_file_path.plist in Resources */,
				A141D74224A2D35600DE1631 /* album.json in Resources */,
				A141D73F24A2D2FD00DE1631 /* albums.json in Resources */,
			);
			runOnlyForDeploymentPostprocessing = 0;
		};
		A12E469C24994735007AF234 /* Resources */ = {
			isa = PBXResourcesBuildPhase;
			buildActionMask = 2147483647;
			files = (
			);
			runOnlyForDeploymentPostprocessing = 0;
		};
/* End PBXResourcesBuildPhase section */

/* Begin PBXSourcesBuildPhase section */
		A12E467924994732007AF234 /* Sources */ = {
			isa = PBXSourcesBuildPhase;
			buildActionMask = 2147483647;
			files = (
				A12E46B4249947C9007AF234 /* MGRouter.swift in Sources */,
				A12E468524994732007AF234 /* AlbumsViewController.swift in Sources */,
				A12E46BB24994954007AF234 /* MGRouterInput.swift in Sources */,
				A141D72C24A191D000DE1631 /* AlbumTableViewCell.swift in Sources */,
				A141D73224A198D200DE1631 /* AlbumInfoViewController.swift in Sources */,
				A141D73424A1A09A00DE1631 /* BaseViewController.swift in Sources */,
				A141D72624A1826A00DE1631 /* MGImageView.swift in Sources */,
				A12E46B824994827007AF234 /* MGSession.swift in Sources */,
				A12E46B6249947EB007AF234 /* MGSessionProtocol.swift in Sources */,
				A141D72E24A1974800DE1631 /* TrackTableViewCell.swift in Sources */,
				A12E468124994732007AF234 /* AppDelegate.swift in Sources */,
				A12E468324994732007AF234 /* SceneDelegate.swift in Sources */,
				A12E46BE24994C67007AF234 /* Constants.swift in Sources */,
				A141D72924A1919F00DE1631 /* Album.swift in Sources */,
			);
			runOnlyForDeploymentPostprocessing = 0;
		};
		A12E468F24994735007AF234 /* Sources */ = {
			isa = PBXSourcesBuildPhase;
			buildActionMask = 2147483647;
			files = (
				A141D73A24A2D20400DE1631 /* MockConfiguration.swift in Sources */,
				A141D73724A2D17500DE1631 /* MGMockSession.swift in Sources */,
				A12E469824994735007AF234 /* last_fm_searchTests.swift in Sources */,
			);
			runOnlyForDeploymentPostprocessing = 0;
		};
		A12E469A24994735007AF234 /* Sources */ = {
			isa = PBXSourcesBuildPhase;
			buildActionMask = 2147483647;
			files = (
				A12E46A324994735007AF234 /* last_fm_searchUITests.swift in Sources */,
			);
			runOnlyForDeploymentPostprocessing = 0;
		};
/* End PBXSourcesBuildPhase section */

/* Begin PBXTargetDependency section */
		A12E469524994735007AF234 /* PBXTargetDependency */ = {
			isa = PBXTargetDependency;
			target = A12E467C24994732007AF234 /* last_fm_search */;
			targetProxy = A12E469424994735007AF234 /* PBXContainerItemProxy */;
		};
		A12E46A024994735007AF234 /* PBXTargetDependency */ = {
			isa = PBXTargetDependency;
			target = A12E467C24994732007AF234 /* last_fm_search */;
			targetProxy = A12E469F24994735007AF234 /* PBXContainerItemProxy */;
		};
/* End PBXTargetDependency section */

/* Begin PBXVariantGroup section */
		A12E468624994732007AF234 /* Main.storyboard */ = {
			isa = PBXVariantGroup;
			children = (
				A12E468724994732007AF234 /* Base */,
			);
			name = Main.storyboard;
			sourceTree = "<group>";
		};
		A12E468B24994735007AF234 /* LaunchScreen.storyboard */ = {
			isa = PBXVariantGroup;
			children = (
				A12E468C24994735007AF234 /* Base */,
			);
			name = LaunchScreen.storyboard;
			sourceTree = "<group>";
		};
/* End PBXVariantGroup section */

/* Begin XCBuildConfiguration section */
		A12E46A524994735007AF234 /* Debug */ = {
			isa = XCBuildConfiguration;
			buildSettings = {
				ALWAYS_SEARCH_USER_PATHS = NO;
				CLANG_ANALYZER_NONNULL = YES;
				CLANG_ANALYZER_NUMBER_OBJECT_CONVERSION = YES_AGGRESSIVE;
				CLANG_CXX_LANGUAGE_STANDARD = "gnu++14";
				CLANG_CXX_LIBRARY = "libc++";
				CLANG_ENABLE_MODULES = YES;
				CLANG_ENABLE_OBJC_ARC = YES;
				CLANG_ENABLE_OBJC_WEAK = YES;
				CLANG_WARN_BLOCK_CAPTURE_AUTORELEASING = YES;
				CLANG_WARN_BOOL_CONVERSION = YES;
				CLANG_WARN_COMMA = YES;
				CLANG_WARN_CONSTANT_CONVERSION = YES;
				CLANG_WARN_DEPRECATED_OBJC_IMPLEMENTATIONS = YES;
				CLANG_WARN_DIRECT_OBJC_ISA_USAGE = YES_ERROR;
				CLANG_WARN_DOCUMENTATION_COMMENTS = YES;
				CLANG_WARN_EMPTY_BODY = YES;
				CLANG_WARN_ENUM_CONVERSION = YES;
				CLANG_WARN_INFINITE_RECURSION = YES;
				CLANG_WARN_INT_CONVERSION = YES;
				CLANG_WARN_NON_LITERAL_NULL_CONVERSION = YES;
				CLANG_WARN_OBJC_IMPLICIT_RETAIN_SELF = YES;
				CLANG_WARN_OBJC_LITERAL_CONVERSION = YES;
				CLANG_WARN_OBJC_ROOT_CLASS = YES_ERROR;
				CLANG_WARN_RANGE_LOOP_ANALYSIS = YES;
				CLANG_WARN_STRICT_PROTOTYPES = YES;
				CLANG_WARN_SUSPICIOUS_MOVE = YES;
				CLANG_WARN_UNGUARDED_AVAILABILITY = YES_AGGRESSIVE;
				CLANG_WARN_UNREACHABLE_CODE = YES;
				CLANG_WARN__DUPLICATE_METHOD_MATCH = YES;
				COPY_PHASE_STRIP = NO;
				DEBUG_INFORMATION_FORMAT = dwarf;
				ENABLE_STRICT_OBJC_MSGSEND = YES;
				ENABLE_TESTABILITY = YES;
				GCC_C_LANGUAGE_STANDARD = gnu11;
				GCC_DYNAMIC_NO_PIC = NO;
				GCC_NO_COMMON_BLOCKS = YES;
				GCC_OPTIMIZATION_LEVEL = 0;
				GCC_PREPROCESSOR_DEFINITIONS = (
					"DEBUG=1",
					"$(inherited)",
				);
				GCC_WARN_64_TO_32_BIT_CONVERSION = YES;
				GCC_WARN_ABOUT_RETURN_TYPE = YES_ERROR;
				GCC_WARN_UNDECLARED_SELECTOR = YES;
				GCC_WARN_UNINITIALIZED_AUTOS = YES_AGGRESSIVE;
				GCC_WARN_UNUSED_FUNCTION = YES;
				GCC_WARN_UNUSED_VARIABLE = YES;
				IPHONEOS_DEPLOYMENT_TARGET = 13.4;
				MTL_ENABLE_DEBUG_INFO = INCLUDE_SOURCE;
				MTL_FAST_MATH = YES;
				ONLY_ACTIVE_ARCH = YES;
				SDKROOT = iphoneos;
				SWIFT_ACTIVE_COMPILATION_CONDITIONS = DEBUG;
				SWIFT_OPTIMIZATION_LEVEL = "-Onone";
			};
			name = Debug;
		};
		A12E46A624994735007AF234 /* Release */ = {
			isa = XCBuildConfiguration;
			buildSettings = {
				ALWAYS_SEARCH_USER_PATHS = NO;
				CLANG_ANALYZER_NONNULL = YES;
				CLANG_ANALYZER_NUMBER_OBJECT_CONVERSION = YES_AGGRESSIVE;
				CLANG_CXX_LANGUAGE_STANDARD = "gnu++14";
				CLANG_CXX_LIBRARY = "libc++";
				CLANG_ENABLE_MODULES = YES;
				CLANG_ENABLE_OBJC_ARC = YES;
				CLANG_ENABLE_OBJC_WEAK = YES;
				CLANG_WARN_BLOCK_CAPTURE_AUTORELEASING = YES;
				CLANG_WARN_BOOL_CONVERSION = YES;
				CLANG_WARN_COMMA = YES;
				CLANG_WARN_CONSTANT_CONVERSION = YES;
				CLANG_WARN_DEPRECATED_OBJC_IMPLEMENTATIONS = YES;
				CLANG_WARN_DIRECT_OBJC_ISA_USAGE = YES_ERROR;
				CLANG_WARN_DOCUMENTATION_COMMENTS = YES;
				CLANG_WARN_EMPTY_BODY = YES;
				CLANG_WARN_ENUM_CONVERSION = YES;
				CLANG_WARN_INFINITE_RECURSION = YES;
				CLANG_WARN_INT_CONVERSION = YES;
				CLANG_WARN_NON_LITERAL_NULL_CONVERSION = YES;
				CLANG_WARN_OBJC_IMPLICIT_RETAIN_SELF = YES;
				CLANG_WARN_OBJC_LITERAL_CONVERSION = YES;
				CLANG_WARN_OBJC_ROOT_CLASS = YES_ERROR;
				CLANG_WARN_RANGE_LOOP_ANALYSIS = YES;
				CLANG_WARN_STRICT_PROTOTYPES = YES;
				CLANG_WARN_SUSPICIOUS_MOVE = YES;
				CLANG_WARN_UNGUARDED_AVAILABILITY = YES_AGGRESSIVE;
				CLANG_WARN_UNREACHABLE_CODE = YES;
				CLANG_WARN__DUPLICATE_METHOD_MATCH = YES;
				COPY_PHASE_STRIP = NO;
				DEBUG_INFORMATION_FORMAT = "dwarf-with-dsym";
				ENABLE_NS_ASSERTIONS = NO;
				ENABLE_STRICT_OBJC_MSGSEND = YES;
				GCC_C_LANGUAGE_STANDARD = gnu11;
				GCC_NO_COMMON_BLOCKS = YES;
				GCC_WARN_64_TO_32_BIT_CONVERSION = YES;
				GCC_WARN_ABOUT_RETURN_TYPE = YES_ERROR;
				GCC_WARN_UNDECLARED_SELECTOR = YES;
				GCC_WARN_UNINITIALIZED_AUTOS = YES_AGGRESSIVE;
				GCC_WARN_UNUSED_FUNCTION = YES;
				GCC_WARN_UNUSED_VARIABLE = YES;
				IPHONEOS_DEPLOYMENT_TARGET = 13.4;
				MTL_ENABLE_DEBUG_INFO = NO;
				MTL_FAST_MATH = YES;
				SDKROOT = iphoneos;
				SWIFT_COMPILATION_MODE = wholemodule;
				SWIFT_OPTIMIZATION_LEVEL = "-O";
				VALIDATE_PRODUCT = YES;
			};
			name = Release;
		};
		A12E46A824994735007AF234 /* Debug */ = {
			isa = XCBuildConfiguration;
			buildSettings = {
				ASSETCATALOG_COMPILER_APPICON_NAME = AppIcon;
				CODE_SIGN_STYLE = Automatic;
				DEVELOPMENT_TEAM = JYBAFA78GD;
				INFOPLIST_FILE = last_fm_search/resources/Info.plist;
				LD_RUNPATH_SEARCH_PATHS = (
					"$(inherited)",
					"@executable_path/Frameworks",
				);
				PRODUCT_BUNDLE_IDENTIFIER = "magirach.last-fm-search";
				PRODUCT_NAME = "$(TARGET_NAME)";
				SWIFT_VERSION = 5.0;
				TARGETED_DEVICE_FAMILY = 1;
			};
			name = Debug;
		};
		A12E46A924994735007AF234 /* Release */ = {
			isa = XCBuildConfiguration;
			buildSettings = {
				ASSETCATALOG_COMPILER_APPICON_NAME = AppIcon;
				CODE_SIGN_STYLE = Automatic;
				DEVELOPMENT_TEAM = JYBAFA78GD;
				INFOPLIST_FILE = last_fm_search/resources/Info.plist;
				LD_RUNPATH_SEARCH_PATHS = (
					"$(inherited)",
					"@executable_path/Frameworks",
				);
				PRODUCT_BUNDLE_IDENTIFIER = "magirach.last-fm-search";
				PRODUCT_NAME = "$(TARGET_NAME)";
				SWIFT_VERSION = 5.0;
				TARGETED_DEVICE_FAMILY = 1;
			};
			name = Release;
		};
		A12E46AB24994735007AF234 /* Debug */ = {
			isa = XCBuildConfiguration;
			buildSettings = {
				ALWAYS_EMBED_SWIFT_STANDARD_LIBRARIES = YES;
				BUNDLE_LOADER = "$(TEST_HOST)";
				CODE_SIGN_STYLE = Automatic;
				DEVELOPMENT_TEAM = JYBAFA78GD;
				INFOPLIST_FILE = last_fm_searchTests/Info.plist;
				IPHONEOS_DEPLOYMENT_TARGET = 13.4;
				LD_RUNPATH_SEARCH_PATHS = (
					"$(inherited)",
					"@executable_path/Frameworks",
					"@loader_path/Frameworks",
				);
				PRODUCT_BUNDLE_IDENTIFIER = "magirach.last-fm-searchTests";
				PRODUCT_NAME = "$(TARGET_NAME)";
				SWIFT_VERSION = 5.0;
				TARGETED_DEVICE_FAMILY = "1,2";
				TEST_HOST = "$(BUILT_PRODUCTS_DIR)/last_fm_search.app/last_fm_search";
			};
			name = Debug;
		};
		A12E46AC24994735007AF234 /* Release */ = {
			isa = XCBuildConfiguration;
			buildSettings = {
				ALWAYS_EMBED_SWIFT_STANDARD_LIBRARIES = YES;
				BUNDLE_LOADER = "$(TEST_HOST)";
				CODE_SIGN_STYLE = Automatic;
				DEVELOPMENT_TEAM = JYBAFA78GD;
				INFOPLIST_FILE = last_fm_searchTests/Info.plist;
				IPHONEOS_DEPLOYMENT_TARGET = 13.4;
				LD_RUNPATH_SEARCH_PATHS = (
					"$(inherited)",
					"@executable_path/Frameworks",
					"@loader_path/Frameworks",
				);
				PRODUCT_BUNDLE_IDENTIFIER = "magirach.last-fm-searchTests";
				PRODUCT_NAME = "$(TARGET_NAME)";
				SWIFT_VERSION = 5.0;
				TARGETED_DEVICE_FAMILY = "1,2";
				TEST_HOST = "$(BUILT_PRODUCTS_DIR)/last_fm_search.app/last_fm_search";
			};
			name = Release;
		};
		A12E46AE24994735007AF234 /* Debug */ = {
			isa = XCBuildConfiguration;
			buildSettings = {
				ALWAYS_EMBED_SWIFT_STANDARD_LIBRARIES = YES;
				CODE_SIGN_STYLE = Automatic;
				DEVELOPMENT_TEAM = JYBAFA78GD;
				INFOPLIST_FILE = last_fm_searchUITests/Info.plist;
				LD_RUNPATH_SEARCH_PATHS = (
					"$(inherited)",
					"@executable_path/Frameworks",
					"@loader_path/Frameworks",
				);
				PRODUCT_BUNDLE_IDENTIFIER = "magirach.last-fm-searchUITests";
				PRODUCT_NAME = "$(TARGET_NAME)";
				SWIFT_VERSION = 5.0;
				TARGETED_DEVICE_FAMILY = "1,2";
				TEST_TARGET_NAME = last_fm_search;
			};
			name = Debug;
		};
		A12E46AF24994735007AF234 /* Release */ = {
			isa = XCBuildConfiguration;
			buildSettings = {
				ALWAYS_EMBED_SWIFT_STANDARD_LIBRARIES = YES;
				CODE_SIGN_STYLE = Automatic;
				DEVELOPMENT_TEAM = JYBAFA78GD;
				INFOPLIST_FILE = last_fm_searchUITests/Info.plist;
				LD_RUNPATH_SEARCH_PATHS = (
					"$(inherited)",
					"@executable_path/Frameworks",
					"@loader_path/Frameworks",
				);
				PRODUCT_BUNDLE_IDENTIFIER = "magirach.last-fm-searchUITests";
				PRODUCT_NAME = "$(TARGET_NAME)";
				SWIFT_VERSION = 5.0;
				TARGETED_DEVICE_FAMILY = "1,2";
				TEST_TARGET_NAME = last_fm_search;
			};
			name = Release;
		};
/* End XCBuildConfiguration section */

/* Begin XCConfigurationList section */
		A12E467824994732007AF234 /* Build configuration list for PBXProject "last_fm_search" */ = {
			isa = XCConfigurationList;
			buildConfigurations = (
				A12E46A524994735007AF234 /* Debug */,
				A12E46A624994735007AF234 /* Release */,
			);
			defaultConfigurationIsVisible = 0;
			defaultConfigurationName = Release;
		};
		A12E46A724994735007AF234 /* Build configuration list for PBXNativeTarget "last_fm_search" */ = {
			isa = XCConfigurationList;
			buildConfigurations = (
				A12E46A824994735007AF234 /* Debug */,
				A12E46A924994735007AF234 /* Release */,
			);
			defaultConfigurationIsVisible = 0;
			defaultConfigurationName = Release;
		};
		A12E46AA24994735007AF234 /* Build configuration list for PBXNativeTarget "last_fm_searchTests" */ = {
			isa = XCConfigurationList;
			buildConfigurations = (
				A12E46AB24994735007AF234 /* Debug */,
				A12E46AC24994735007AF234 /* Release */,
			);
			defaultConfigurationIsVisible = 0;
			defaultConfigurationName = Release;
		};
		A12E46AD24994735007AF234 /* Build configuration list for PBXNativeTarget "last_fm_searchUITests" */ = {
			isa = XCConfigurationList;
			buildConfigurations = (
				A12E46AE24994735007AF234 /* Debug */,
				A12E46AF24994735007AF234 /* Release */,
			);
			defaultConfigurationIsVisible = 0;
			defaultConfigurationName = Release;
		};
/* End XCConfigurationList section */
	};
	rootObject = A12E467524994732007AF234 /* Project object */;
}
